// !$*UTF8*$!
{
	archiveVersion = 1;
	classes = {
	};
	objectVersion = 46;
	objects = {

/* Begin PBXBuildFile section */
		F40C9675144238E0009E727B /* ForumViewController.m in Sources */ = {isa = PBXBuildFile; fileRef = F40C9673144238E0009E727B /* ForumViewController.m */; };
		F40C9676144238E0009E727B /* ForumViewController.xib in Resources */ = {isa = PBXBuildFile; fileRef = F40C9674144238E0009E727B /* ForumViewController.xib */; };
		F40C967814423D0A009E727B /* 152-rolodex.png in Resources */ = {isa = PBXBuildFile; fileRef = F40C967714423D0A009E727B /* 152-rolodex.png */; };
		F40C967B144246ED009E727B /* checked.png in Resources */ = {isa = PBXBuildFile; fileRef = F40C9679144246ED009E727B /* checked.png */; };
		F40C967C144246ED009E727B /* unchecked.png in Resources */ = {isa = PBXBuildFile; fileRef = F40C967A144246ED009E727B /* unchecked.png */; };
		F43C077E1440633700D31869 /* Default@2x.png in Resources */ = {isa = PBXBuildFile; fileRef = F43C077D1440633700D31869 /* Default@2x.png */; };
		F43C078114406B3200D31869 /* Default.png in Resources */ = {isa = PBXBuildFile; fileRef = F43C078014406B3200D31869 /* Default.png */; };
		F4550769143FCADB00F5378A /* irc_button.png in Resources */ = {isa = PBXBuildFile; fileRef = F4550768143FCADB00F5378A /* irc_button.png */; };
		F455076C143FCB2000F5378A /* 20-gear2.png in Resources */ = {isa = PBXBuildFile; fileRef = F455076B143FCB2000F5378A /* 20-gear2.png */; };
		F455076E143FCBF800F5378A /* 69-display.png in Resources */ = {isa = PBXBuildFile; fileRef = F455076D143FCBF800F5378A /* 69-display.png */; };
		F4550770143FCC6000F5378A /* chat.png in Resources */ = {isa = PBXBuildFile; fileRef = F455076F143FCC6000F5378A /* chat.png */; };
		F4550772143FCE2900F5378A /* 08-chat.png in Resources */ = {isa = PBXBuildFile; fileRef = F4550771143FCE2900F5378A /* 08-chat.png */; };
		F4550774143FCE8800F5378A /* 12-eye.png in Resources */ = {isa = PBXBuildFile; fileRef = F4550773143FCE8800F5378A /* 12-eye.png */; };
		F4550776143FD11300F5378A /* Screenshot.png in Resources */ = {isa = PBXBuildFile; fileRef = F4550775143FD11300F5378A /* Screenshot.png */; };
		F4550778143FE19000F5378A /* pg_icon.png in Resources */ = {isa = PBXBuildFile; fileRef = F4550777143FE19000F5378A /* pg_icon.png */; };
		F4B2618F1443419C00B3A337 /* irc_example.png in Resources */ = {isa = PBXBuildFile; fileRef = F4B2618E1443419C00B3A337 /* irc_example.png */; };
		F4E31B02143FBF8A00F5A25D /* UIKit.framework in Frameworks */ = {isa = PBXBuildFile; fileRef = F4E31B01143FBF8A00F5A25D /* UIKit.framework */; };
		F4E31B04143FBF8A00F5A25D /* Foundation.framework in Frameworks */ = {isa = PBXBuildFile; fileRef = F4E31B03143FBF8A00F5A25D /* Foundation.framework */; };
		F4E31B06143FBF8A00F5A25D /* CoreGraphics.framework in Frameworks */ = {isa = PBXBuildFile; fileRef = F4E31B05143FBF8A00F5A25D /* CoreGraphics.framework */; };
		F4E31B0C143FBF8A00F5A25D /* InfoPlist.strings in Resources */ = {isa = PBXBuildFile; fileRef = F4E31B0A143FBF8A00F5A25D /* InfoPlist.strings */; };
		F4E31B0E143FBF8A00F5A25D /* main.m in Sources */ = {isa = PBXBuildFile; fileRef = F4E31B0D143FBF8A00F5A25D /* main.m */; };
		F4E31B12143FBF8A00F5A25D /* PeegeeAppDelegate.m in Sources */ = {isa = PBXBuildFile; fileRef = F4E31B11143FBF8A00F5A25D /* PeegeeAppDelegate.m */; };
		F4E31B15143FBF8A00F5A25D /* MainWindow.xib in Resources */ = {isa = PBXBuildFile; fileRef = F4E31B13143FBF8A00F5A25D /* MainWindow.xib */; };
		F4E31B18143FBF8B00F5A25D /* OverviewController.m in Sources */ = {isa = PBXBuildFile; fileRef = F4E31B17143FBF8B00F5A25D /* OverviewController.m */; };
		F4E31B1B143FBF8B00F5A25D /* LiveViewController.m in Sources */ = {isa = PBXBuildFile; fileRef = F4E31B1A143FBF8B00F5A25D /* LiveViewController.m */; };
		F4E31B1E143FBF8B00F5A25D /* Overview.xib in Resources */ = {isa = PBXBuildFile; fileRef = F4E31B1C143FBF8B00F5A25D /* Overview.xib */; };
		F4E31B21143FBF8B00F5A25D /* LiveView.xib in Resources */ = {isa = PBXBuildFile; fileRef = F4E31B1F143FBF8B00F5A25D /* LiveView.xib */; };
		F4E31B2B143FC2E200F5A25D /* ChatView.xib in Resources */ = {isa = PBXBuildFile; fileRef = F4E31B27143FC2E200F5A25D /* ChatView.xib */; };
		F4E31B2C143FC2E200F5A25D /* SettingsView.xib in Resources */ = {isa = PBXBuildFile; fileRef = F4E31B29143FC2E200F5A25D /* SettingsView.xib */; };
		F4E31B31143FC31600F5A25D /* ChatViewController.m in Sources */ = {isa = PBXBuildFile; fileRef = F4E31B2E143FC31600F5A25D /* ChatViewController.m */; };
		F4E31B32143FC31600F5A25D /* SettingsViewController.m in Sources */ = {isa = PBXBuildFile; fileRef = F4E31B30143FC31600F5A25D /* SettingsViewController.m */; };
		F4E31B38143FC93900F5A25D /* IRCView.m in Sources */ = {isa = PBXBuildFile; fileRef = F4E31B36143FC93900F5A25D /* IRCView.m */; };
		F4E31B39143FC93900F5A25D /* IRCView.xib in Resources */ = {isa = PBXBuildFile; fileRef = F4E31B37143FC93900F5A25D /* IRCView.xib */; };
/* End PBXBuildFile section */

/* Begin PBXFileReference section */
		F40C9672144238E0009E727B /* ForumViewController.h */ = {isa = PBXFileReference; fileEncoding = 4; lastKnownFileType = sourcecode.c.h; name = ForumViewController.h; path = ../ForumViewController.h; sourceTree = "<group>"; };
		F40C9673144238E0009E727B /* ForumViewController.m */ = {isa = PBXFileReference; fileEncoding = 4; lastKnownFileType = sourcecode.c.objc; name = ForumViewController.m; path = ../ForumViewController.m; sourceTree = "<group>"; };
		F40C9674144238E0009E727B /* ForumViewController.xib */ = {isa = PBXFileReference; fileEncoding = 4; lastKnownFileType = file.xib; name = ForumViewController.xib; path = ../ForumViewController.xib; sourceTree = "<group>"; };
		F40C967714423D0A009E727B /* 152-rolodex.png */ = {isa = PBXFileReference; lastKnownFileType = image.png; path = "152-rolodex.png"; sourceTree = "<group>"; };
		F40C9679144246ED009E727B /* checked.png */ = {isa = PBXFileReference; lastKnownFileType = image.png; path = checked.png; sourceTree = "<group>"; };
		F40C967A144246ED009E727B /* unchecked.png */ = {isa = PBXFileReference; lastKnownFileType = image.png; path = unchecked.png; sourceTree = "<group>"; };
		F43C077D1440633700D31869 /* Default@2x.png */ = {isa = PBXFileReference; lastKnownFileType = image.png; name = "Default@2x.png"; path = "../Default@2x.png"; sourceTree = "<group>"; };
		F43C078014406B3200D31869 /* Default.png */ = {isa = PBXFileReference; lastKnownFileType = image.png; path = Default.png; sourceTree = "<group>"; };
		F4550768143FCADB00F5378A /* irc_button.png */ = {isa = PBXFileReference; lastKnownFileType = image.png; path = irc_button.png; sourceTree = "<group>"; };
		F455076B143FCB2000F5378A /* 20-gear2.png */ = {isa = PBXFileReference; lastKnownFileType = image.png; path = "20-gear2.png"; sourceTree = "<group>"; };
		F455076D143FCBF800F5378A /* 69-display.png */ = {isa = PBXFileReference; lastKnownFileType = image.png; path = "69-display.png"; sourceTree = "<group>"; };
		F455076F143FCC6000F5378A /* chat.png */ = {isa = PBXFileReference; lastKnownFileType = image.png; path = chat.png; sourceTree = "<group>"; };
		F4550771143FCE2900F5378A /* 08-chat.png */ = {isa = PBXFileReference; lastKnownFileType = image.png; path = "08-chat.png"; sourceTree = "<group>"; };
		F4550773143FCE8800F5378A /* 12-eye.png */ = {isa = PBXFileReference; lastKnownFileType = image.png; path = "12-eye.png"; sourceTree = "<group>"; };
		F4550775143FD11300F5378A /* Screenshot.png */ = {isa = PBXFileReference; lastKnownFileType = image.png; path = Screenshot.png; sourceTree = "<group>"; };
		F4550777143FE19000F5378A /* pg_icon.png */ = {isa = PBXFileReference; lastKnownFileType = image.png; name = pg_icon.png; path = ../pg_icon.png; sourceTree = "<group>"; };
		F4B2618E1443419C00B3A337 /* irc_example.png */ = {isa = PBXFileReference; lastKnownFileType = image.png; path = irc_example.png; sourceTree = "<group>"; };
		F4E31AFD143FBF8A00F5A25D /* PG Remote.app */ = {isa = PBXFileReference; explicitFileType = wrapper.application; includeInIndex = 0; path = "PG Remote.app"; sourceTree = BUILT_PRODUCTS_DIR; };
		F4E31B01143FBF8A00F5A25D /* UIKit.framework */ = {isa = PBXFileReference; lastKnownFileType = wrapper.framework; name = UIKit.framework; path = System/Library/Frameworks/UIKit.framework; sourceTree = SDKROOT; };
		F4E31B03143FBF8A00F5A25D /* Foundation.framework */ = {isa = PBXFileReference; lastKnownFileType = wrapper.framework; name = Foundation.framework; path = System/Library/Frameworks/Foundation.framework; sourceTree = SDKROOT; };
		F4E31B05143FBF8A00F5A25D /* CoreGraphics.framework */ = {isa = PBXFileReference; lastKnownFileType = wrapper.framework; name = CoreGraphics.framework; path = System/Library/Frameworks/CoreGraphics.framework; sourceTree = SDKROOT; };
		F4E31B09143FBF8A00F5A25D /* Peegee-Info.plist */ = {isa = PBXFileReference; lastKnownFileType = text.plist.xml; path = "Peegee-Info.plist"; sourceTree = "<group>"; };
		F4E31B0B143FBF8A00F5A25D /* en */ = {isa = PBXFileReference; lastKnownFileType = text.plist.strings; name = en; path = en.lproj/InfoPlist.strings; sourceTree = "<group>"; };
		F4E31B0D143FBF8A00F5A25D /* main.m */ = {isa = PBXFileReference; lastKnownFileType = sourcecode.c.objc; path = main.m; sourceTree = "<group>"; };
		F4E31B0F143FBF8A00F5A25D /* Peegee-Prefix.pch */ = {isa = PBXFileReference; lastKnownFileType = sourcecode.c.h; path = "Peegee-Prefix.pch"; sourceTree = "<group>"; };
		F4E31B10143FBF8A00F5A25D /* PeegeeAppDelegate.h */ = {isa = PBXFileReference; lastKnownFileType = sourcecode.c.h; path = PeegeeAppDelegate.h; sourceTree = "<group>"; };
		F4E31B11143FBF8A00F5A25D /* PeegeeAppDelegate.m */ = {isa = PBXFileReference; lastKnownFileType = sourcecode.c.objc; path = PeegeeAppDelegate.m; sourceTree = "<group>"; };
		F4E31B14143FBF8A00F5A25D /* en */ = {isa = PBXFileReference; lastKnownFileType = file.xib; name = en; path = en.lproj/MainWindow.xib; sourceTree = "<group>"; };
		F4E31B16143FBF8B00F5A25D /* OverviewController.h */ = {isa = PBXFileReference; lastKnownFileType = sourcecode.c.h; path = OverviewController.h; sourceTree = "<group>"; };
		F4E31B17143FBF8B00F5A25D /* OverviewController.m */ = {isa = PBXFileReference; lastKnownFileType = sourcecode.c.objc; path = OverviewController.m; sourceTree = "<group>"; };
		F4E31B19143FBF8B00F5A25D /* LiveViewController.h */ = {isa = PBXFileReference; lastKnownFileType = sourcecode.c.h; path = LiveViewController.h; sourceTree = "<group>"; };
		F4E31B1A143FBF8B00F5A25D /* LiveViewController.m */ = {isa = PBXFileReference; lastKnownFileType = sourcecode.c.objc; path = LiveViewController.m; sourceTree = "<group>"; };
		F4E31B1D143FBF8B00F5A25D /* en */ = {isa = PBXFileReference; lastKnownFileType = file.xib; name = en; path = en.lproj/Overview.xib; sourceTree = "<group>"; };
		F4E31B20143FBF8B00F5A25D /* en */ = {isa = PBXFileReference; lastKnownFileType = file.xib; name = en; path = en.lproj/LiveView.xib; sourceTree = "<group>"; };
		F4E31B28143FC2E200F5A25D /* en */ = {isa = PBXFileReference; lastKnownFileType = file.xib; name = en; path = en.lproj/ChatView.xib; sourceTree = "<group>"; };
		F4E31B2A143FC2E200F5A25D /* en */ = {isa = PBXFileReference; lastKnownFileType = file.xib; name = en; path = en.lproj/SettingsView.xib; sourceTree = "<group>"; };
		F4E31B2D143FC31600F5A25D /* ChatViewController.h */ = {isa = PBXFileReference; fileEncoding = 4; lastKnownFileType = sourcecode.c.h; path = ChatViewController.h; sourceTree = "<group>"; };
		F4E31B2E143FC31600F5A25D /* ChatViewController.m */ = {isa = PBXFileReference; fileEncoding = 4; lastKnownFileType = sourcecode.c.objc; path = ChatViewController.m; sourceTree = "<group>"; };
		F4E31B2F143FC31600F5A25D /* SettingsViewController.h */ = {isa = PBXFileReference; fileEncoding = 4; lastKnownFileType = sourcecode.c.h; path = SettingsViewController.h; sourceTree = "<group>"; };
		F4E31B30143FC31600F5A25D /* SettingsViewController.m */ = {isa = PBXFileReference; fileEncoding = 4; lastKnownFileType = sourcecode.c.objc; path = SettingsViewController.m; sourceTree = "<group>"; };
		F4E31B35143FC93900F5A25D /* IRCView.h */ = {isa = PBXFileReference; fileEncoding = 4; lastKnownFileType = sourcecode.c.h; name = IRCView.h; path = ../IRCView.h; sourceTree = "<group>"; };
		F4E31B36143FC93900F5A25D /* IRCView.m */ = {isa = PBXFileReference; fileEncoding = 4; lastKnownFileType = sourcecode.c.objc; name = IRCView.m; path = ../IRCView.m; sourceTree = "<group>"; };
		F4E31B37143FC93900F5A25D /* IRCView.xib */ = {isa = PBXFileReference; fileEncoding = 4; lastKnownFileType = file.xib; name = IRCView.xib; path = ../IRCView.xib; sourceTree = "<group>"; };
/* End PBXFileReference section */

/* Begin PBXFrameworksBuildPhase section */
		F4E31AFA143FBF8A00F5A25D /* Frameworks */ = {
			isa = PBXFrameworksBuildPhase;
			buildActionMask = 2147483647;
			files = (
				F4E31B02143FBF8A00F5A25D /* UIKit.framework in Frameworks */,
				F4E31B04143FBF8A00F5A25D /* Foundation.framework in Frameworks */,
				F4E31B06143FBF8A00F5A25D /* CoreGraphics.framework in Frameworks */,
			);
			runOnlyForDeploymentPostprocessing = 0;
		};
/* End PBXFrameworksBuildPhase section */

/* Begin PBXGroup section */
		F455076A143FCAE300F5378A /* Media */ = {
			isa = PBXGroup;
			children = (
				F4B2618E1443419C00B3A337 /* irc_example.png */,
				F40C9679144246ED009E727B /* checked.png */,
				F40C967A144246ED009E727B /* unchecked.png */,
				F40C967714423D0A009E727B /* 152-rolodex.png */,
				F43C077D1440633700D31869 /* Default@2x.png */,
				F4550777143FE19000F5378A /* pg_icon.png */,
				F4550775143FD11300F5378A /* Screenshot.png */,
				F4550773143FCE8800F5378A /* 12-eye.png */,
				F4550771143FCE2900F5378A /* 08-chat.png */,
				F455076F143FCC6000F5378A /* chat.png */,
				F455076D143FCBF800F5378A /* 69-display.png */,
				F455076B143FCB2000F5378A /* 20-gear2.png */,
				F4550768143FCADB00F5378A /* irc_button.png */,
			);
			name = Media;
			sourceTree = "<group>";
		};
		F4E31AF2143FBF8A00F5A25D = {
			isa = PBXGroup;
			children = (
				F43C078014406B3200D31869 /* Default.png */,
				F4E31B07143FBF8A00F5A25D /* Peegee */,
				F4E31B00143FBF8A00F5A25D /* Frameworks */,
				F4E31AFE143FBF8A00F5A25D /* Products */,
			);
			sourceTree = "<group>";
		};
		F4E31AFE143FBF8A00F5A25D /* Products */ = {
			isa = PBXGroup;
			children = (
				F4E31AFD143FBF8A00F5A25D /* PG Remote.app */,
			);
			name = Products;
			sourceTree = "<group>";
		};
		F4E31B00143FBF8A00F5A25D /* Frameworks */ = {
			isa = PBXGroup;
			children = (
				F4E31B01143FBF8A00F5A25D /* UIKit.framework */,
				F4E31B03143FBF8A00F5A25D /* Foundation.framework */,
				F4E31B05143FBF8A00F5A25D /* CoreGraphics.framework */,
			);
			name = Frameworks;
			sourceTree = "<group>";
		};
		F4E31B07143FBF8A00F5A25D /* Peegee */ = {
			isa = PBXGroup;
			children = (
				F4E31B10143FBF8A00F5A25D /* PeegeeAppDelegate.h */,
				F4E31B11143FBF8A00F5A25D /* PeegeeAppDelegate.m */,
				F4E31B13143FBF8A00F5A25D /* MainWindow.xib */,
				F4E31B16143FBF8B00F5A25D /* OverviewController.h */,
				F4E31B17143FBF8B00F5A25D /* OverviewController.m */,
				F4E31B19143FBF8B00F5A25D /* LiveViewController.h */,
				F4E31B1A143FBF8B00F5A25D /* LiveViewController.m */,
				F4E31B2D143FC31600F5A25D /* ChatViewController.h */,
				F4E31B2E143FC31600F5A25D /* ChatViewController.m */,
				F4E31B2F143FC31600F5A25D /* SettingsViewController.h */,
				F4E31B30143FC31600F5A25D /* SettingsViewController.m */,
				F4E31B35143FC93900F5A25D /* IRCView.h */,
				F4E31B36143FC93900F5A25D /* IRCView.m */,
				F40C9672144238E0009E727B /* ForumViewController.h */,
				F40C9673144238E0009E727B /* ForumViewController.m */,
				F4E31B1C143FBF8B00F5A25D /* Overview.xib */,
				F4E31B1F143FBF8B00F5A25D /* LiveView.xib */,
				F4E31B27143FC2E200F5A25D /* ChatView.xib */,
				F4E31B29143FC2E200F5A25D /* SettingsView.xib */,
				F4E31B37143FC93900F5A25D /* IRCView.xib */,
				F40C9674144238E0009E727B /* ForumViewController.xib */,
				F455076A143FCAE300F5378A /* Media */,
				F4E31B08143FBF8A00F5A25D /* Supporting Files */,
			);
			path = Peegee;
			sourceTree = "<group>";
		};
		F4E31B08143FBF8A00F5A25D /* Supporting Files */ = {
			isa = PBXGroup;
			children = (
				F4E31B09143FBF8A00F5A25D /* Peegee-Info.plist */,
				F4E31B0A143FBF8A00F5A25D /* InfoPlist.strings */,
				F4E31B0D143FBF8A00F5A25D /* main.m */,
				F4E31B0F143FBF8A00F5A25D /* Peegee-Prefix.pch */,
			);
			name = "Supporting Files";
			sourceTree = "<group>";
		};
/* End PBXGroup section */

/* Begin PBXNativeTarget section */
		F4E31AFC143FBF8A00F5A25D /* Peegee */ = {
			isa = PBXNativeTarget;
			buildConfigurationList = F4E31B24143FBF8B00F5A25D /* Build configuration list for PBXNativeTarget "Peegee" */;
			buildPhases = (
				F4E31AF9143FBF8A00F5A25D /* Sources */,
				F4E31AFA143FBF8A00F5A25D /* Frameworks */,
				F4E31AFB143FBF8A00F5A25D /* Resources */,
			);
			buildRules = (
			);
			dependencies = (
			);
			name = Peegee;
			productName = Peegee;
			productReference = F4E31AFD143FBF8A00F5A25D /* PG Remote.app */;
			productType = "com.apple.product-type.application";
		};
/* End PBXNativeTarget section */

/* Begin PBXProject section */
		F4E31AF4143FBF8A00F5A25D /* Project object */ = {
			isa = PBXProject;
			attributes = {
				LastUpgradeCheck = 0420;
			};
			buildConfigurationList = F4E31AF7143FBF8A00F5A25D /* Build configuration list for PBXProject "Peegee" */;
			compatibilityVersion = "Xcode 3.2";
			developmentRegion = English;
			hasScannedForEncodings = 0;
			knownRegions = (
				en,
			);
			mainGroup = F4E31AF2143FBF8A00F5A25D;
			productRefGroup = F4E31AFE143FBF8A00F5A25D /* Products */;
			projectDirPath = "";
			projectRoot = "";
			targets = (
				F4E31AFC143FBF8A00F5A25D /* Peegee */,
			);
		};
/* End PBXProject section */

/* Begin PBXResourcesBuildPhase section */
		F4E31AFB143FBF8A00F5A25D /* Resources */ = {
			isa = PBXResourcesBuildPhase;
			buildActionMask = 2147483647;
			files = (
				F4E31B0C143FBF8A00F5A25D /* InfoPlist.strings in Resources */,
				F4E31B15143FBF8A00F5A25D /* MainWindow.xib in Resources */,
				F4E31B1E143FBF8B00F5A25D /* Overview.xib in Resources */,
				F4E31B21143FBF8B00F5A25D /* LiveView.xib in Resources */,
				F4E31B2B143FC2E200F5A25D /* ChatView.xib in Resources */,
				F4E31B2C143FC2E200F5A25D /* SettingsView.xib in Resources */,
				F4E31B39143FC93900F5A25D /* IRCView.xib in Resources */,
				F4550769143FCADB00F5378A /* irc_button.png in Resources */,
				F455076C143FCB2000F5378A /* 20-gear2.png in Resources */,
				F455076E143FCBF800F5378A /* 69-display.png in Resources */,
				F4550770143FCC6000F5378A /* chat.png in Resources */,
				F4550772143FCE2900F5378A /* 08-chat.png in Resources */,
				F4550774143FCE8800F5378A /* 12-eye.png in Resources */,
				F4550776143FD11300F5378A /* Screenshot.png in Resources */,
				F4550778143FE19000F5378A /* pg_icon.png in Resources */,
				F43C077E1440633700D31869 /* Default@2x.png in Resources */,
				F43C078114406B3200D31869 /* Default.png in Resources */,
				F40C9676144238E0009E727B /* ForumViewController.xib in Resources */,
				F40C967814423D0A009E727B /* 152-rolodex.png in Resources */,
				F40C967B144246ED009E727B /* checked.png in Resources */,
				F40C967C144246ED009E727B /* unchecked.png in Resources */,
				F4B2618F1443419C00B3A337 /* irc_example.png in Resources */,
			);
			runOnlyForDeploymentPostprocessing = 0;
		};
/* End PBXResourcesBuildPhase section */

/* Begin PBXSourcesBuildPhase section */
		F4E31AF9143FBF8A00F5A25D /* Sources */ = {
			isa = PBXSourcesBuildPhase;
			buildActionMask = 2147483647;
			files = (
				F4E31B0E143FBF8A00F5A25D /* main.m in Sources */,
				F4E31B12143FBF8A00F5A25D /* PeegeeAppDelegate.m in Sources */,
				F4E31B18143FBF8B00F5A25D /* OverviewController.m in Sources */,
				F4E31B1B143FBF8B00F5A25D /* LiveViewController.m in Sources */,
				F4E31B31143FC31600F5A25D /* ChatViewController.m in Sources */,
				F4E31B32143FC31600F5A25D /* SettingsViewController.m in Sources */,
				F4E31B38143FC93900F5A25D /* IRCView.m in Sources */,
				F40C9675144238E0009E727B /* ForumViewController.m in Sources */,
			);
			runOnlyForDeploymentPostprocessing = 0;
		};
/* End PBXSourcesBuildPhase section */

/* Begin PBXVariantGroup section */
		F4E31B0A143FBF8A00F5A25D /* InfoPlist.strings */ = {
			isa = PBXVariantGroup;
			children = (
				F4E31B0B143FBF8A00F5A25D /* en */,
			);
			name = InfoPlist.strings;
			sourceTree = "<group>";
		};
		F4E31B13143FBF8A00F5A25D /* MainWindow.xib */ = {
			isa = PBXVariantGroup;
			children = (
				F4E31B14143FBF8A00F5A25D /* en */,
			);
			name = MainWindow.xib;
			sourceTree = "<group>";
		};
		F4E31B1C143FBF8B00F5A25D /* Overview.xib */ = {
			isa = PBXVariantGroup;
			children = (
				F4E31B1D143FBF8B00F5A25D /* en */,
			);
			name = Overview.xib;
			sourceTree = "<group>";
		};
		F4E31B1F143FBF8B00F5A25D /* LiveView.xib */ = {
			isa = PBXVariantGroup;
			children = (
				F4E31B20143FBF8B00F5A25D /* en */,
			);
			name = LiveView.xib;
			sourceTree = "<group>";
		};
		F4E31B27143FC2E200F5A25D /* ChatView.xib */ = {
			isa = PBXVariantGroup;
			children = (
				F4E31B28143FC2E200F5A25D /* en */,
			);
			name = ChatView.xib;
			sourceTree = "<group>";
		};
		F4E31B29143FC2E200F5A25D /* SettingsView.xib */ = {
			isa = PBXVariantGroup;
			children = (
				F4E31B2A143FC2E200F5A25D /* en */,
			);
			name = SettingsView.xib;
			sourceTree = "<group>";
		};
/* End PBXVariantGroup section */

/* Begin XCBuildConfiguration section */
		F4E31B22143FBF8B00F5A25D /* Debug */ = {
			isa = XCBuildConfiguration;
			buildSettings = {
				ALWAYS_SEARCH_USER_PATHS = NO;
				ARCHS = "$(ARCHS_STANDARD_32_BIT)";
				"CODE_SIGN_IDENTITY[sdk=iphoneos*]" = "";
				COPY_PHASE_STRIP = NO;
				GCC_C_LANGUAGE_STANDARD = gnu99;
				GCC_DYNAMIC_NO_PIC = NO;
				GCC_OPTIMIZATION_LEVEL = 0;
				GCC_PREPROCESSOR_DEFINITIONS = (
					"DEBUG=1",
					"$(inherited)",
				);
				GCC_SYMBOLS_PRIVATE_EXTERN = NO;
				GCC_VERSION = com.apple.compilers.llvmgcc42;
				GCC_WARN_ABOUT_MISSING_PROTOTYPES = YES;
				GCC_WARN_ABOUT_RETURN_TYPE = YES;
				GCC_WARN_UNUSED_VARIABLE = YES;
				IPHONEOS_DEPLOYMENT_TARGET = 5.0;
				SDKROOT = iphoneos;
			};
			name = Debug;
		};
		F4E31B23143FBF8B00F5A25D /* Release */ = {
			isa = XCBuildConfiguration;
			buildSettings = {
				ALWAYS_SEARCH_USER_PATHS = NO;
				ARCHS = "$(ARCHS_STANDARD_32_BIT)";
				"CODE_SIGN_IDENTITY[sdk=iphoneos*]" = "";
				COPY_PHASE_STRIP = YES;
				GCC_C_LANGUAGE_STANDARD = gnu99;
				GCC_VERSION = com.apple.compilers.llvmgcc42;
				GCC_WARN_ABOUT_MISSING_PROTOTYPES = YES;
				GCC_WARN_ABOUT_RETURN_TYPE = YES;
				GCC_WARN_UNUSED_VARIABLE = YES;
				IPHONEOS_DEPLOYMENT_TARGET = 5.0;
				OTHER_CFLAGS = "-DNS_BLOCK_ASSERTIONS=1";
				SDKROOT = iphoneos;
				VALIDATE_PRODUCT = YES;
			};
			name = Release;
		};
		F4E31B25143FBF8B00F5A25D /* Debug */ = {
			isa = XCBuildConfiguration;
			buildSettings = {
				GCC_PRECOMPILE_PREFIX_HEADER = YES;
				GCC_PREFIX_HEADER = "Peegee/Peegee-Prefix.pch";
				GCC_VERSION = com.apple.compilers.llvm.clang.1_0;
				INFOPLIST_FILE = "Peegee/Peegee-Info.plist";
				PRODUCT_NAME = "PG Remote";
				TARGETED_DEVICE_FAMILY = 1;
				WRAPPER_EXTENSION = app;
			};
			name = Debug;
		};
		F4E31B26143FBF8B00F5A25D /* Release */ = {
			isa = XCBuildConfiguration;
			buildSettings = {
				GCC_PRECOMPILE_PREFIX_HEADER = YES;
				GCC_PREFIX_HEADER = "Peegee/Peegee-Prefix.pch";
				GCC_VERSION = com.apple.compilers.llvm.clang.1_0;
				INFOPLIST_FILE = "Peegee/Peegee-Info.plist";
				PRODUCT_NAME = "PG Remote";
				TARGETED_DEVICE_FAMILY = 1;
				WRAPPER_EXTENSION = app;
			};
			name = Release;
		};
/* End XCBuildConfiguration section */

/* Begin XCConfigurationList section */
		F4E31AF7143FBF8A00F5A25D /* Build configuration list for PBXProject "Peegee" */ = {
			isa = XCConfigurationList;
			buildConfigurations = (
				F4E31B22143FBF8B00F5A25D /* Debug */,
				F4E31B23143FBF8B00F5A25D /* Release */,
			);
			defaultConfigurationIsVisible = 0;
			defaultConfigurationName = Release;
		};
		F4E31B24143FBF8B00F5A25D /* Build configuration list for PBXNativeTarget "Peegee" */ = {
			isa = XCConfigurationList;
			buildConfigurations = (
				F4E31B25143FBF8B00F5A25D /* Debug */,
				F4E31B26143FBF8B00F5A25D /* Release */,
			);
			defaultConfigurationIsVisible = 0;
			defaultConfigurationName = Release;
		};
/* End XCConfigurationList section */
	};
	rootObject = F4E31AF4143FBF8A00F5A25D /* Project object */;
}
